
Microsoft Visual Studio Solution File, Format Version 12.00
# Visual Studio Version 17
VisualStudioVersion = 17.10.35013.160
MinimumVisualStudioVersion = 10.0.40219.1
Project("{FAE04EC0-301F-11D3-BF4B-00C04F79EFBC}") = "Parenteses", "Parenteses\Parenteses.csproj", "{76CA859F-BF14-441E-9C25-6A79F2D430F6}"
EndProject
Global
	GlobalSection(SolutionConfigurationPlatforms) = preSolution
		Debug|Any CPU = Debug|Any CPU
		Release|Any CPU = Release|Any CPU
	EndGlobalSection
	GlobalSection(ProjectConfigurationPlatforms) = postSolution
		{76CA859F-BF14-441E-9C25-6A79F2D430F6}.Debug|Any CPU.ActiveCfg = Debug|Any CPU
		{76CA859F-BF14-441E-9C25-6A79F2D430F6}.Debug|Any CPU.Build.0 = Debug|Any CPU
		{76CA859F-BF14-441E-9C25-6A79F2D430F6}.Release|Any CPU.ActiveCfg = Release|Any CPU
		{76CA859F-BF14-441E-9C25-6A79F2D430F6}.Release|Any CPU.Build.0 = Release|Any CPU
	EndGlobalSection
	GlobalSection(SolutionProperties) = preSolution
		HideSolutionNode = FALSE
	EndGlobalSection
	GlobalSection(ExtensibilityGlobals) = postSolution
		SolutionGuid = {E0912E37-A2FE-4816-B0B9-58D222FDA1FE}
	EndGlobalSection
EndGlobal
